{
  "name": "MZS",
  "version": "1.0.0",
  "lockfileVersion": 1,
  "requires": true,
  "dependencies": {
    "hammer-touchemulator": {
      "version": "0.0.2",
      "resolved": "https://registry.npmjs.org/hammer-touchemulator/-/hammer-touchemulator-0.0.2.tgz",
      "integrity": "sha1-i+pGFnKdU7918WxY9ZnBhOVKWQ4=",
      "dev": true
    },
    "pulltorefreshjs": {
      "version": "0.1.18",
      "resolved": "https://registry.npmjs.org/pulltorefreshjs/-/pulltorefreshjs-0.1.18.tgz",
      "integrity": "sha512-rjpi1JhmBBJ5tsnDXypXVDMaRcsk2chfhgkw25BsJY2iLl3JHAx8B4Fj4S+v7rDxE3cm+wKW0W4fUhJgl1aD7w=="
    }
  }
}
